
Microsoft Visual Studio Solution File, Format Version 12.00
# Visual Studio 2013
VisualStudioVersion = 12.0.21005.1
MinimumVisualStudioVersion = 10.0.40219.1
Project("{E24C65DC-7377-472B-9ABA-BC803B73C61A}") = "JsESignTestWeb", "http://localhost:3998", "{982F8032-07A8-41ED-9A69-D80FCBC97BD2}"
	ProjectSection(WebsiteProperties) = preProject
		UseIISExpress = "true"
		TargetFrameworkMoniker = ".NETFramework,Version%3Dv4.5"
		Debug.AspNetCompiler.VirtualPath = "/localhost_3998"
		Debug.AspNetCompiler.PhysicalPath = "..\JsESignTestWeb\"
		Debug.AspNetCompiler.TargetPath = "PrecompiledWeb\localhost_3998\"
		Debug.AspNetCompiler.Updateable = "true"
		Debug.AspNetCompiler.ForceOverwrite = "true"
		Debug.AspNetCompiler.FixedNames = "false"
		Debug.AspNetCompiler.Debug = "True"
		Release.AspNetCompiler.VirtualPath = "/localhost_3998"
		Release.AspNetCompiler.PhysicalPath = "..\JsESignTestWeb\"
		Release.AspNetCompiler.TargetPath = "PrecompiledWeb\localhost_3998\"
		Release.AspNetCompiler.Updateable = "true"
		Release.AspNetCompiler.ForceOverwrite = "true"
		Release.AspNetCompiler.FixedNames = "false"
		Release.AspNetCompiler.Debug = "False"
		SlnRelativePath = "..\JsESignTestWeb\"
		DefaultWebSiteLanguage = "Visual C#"
	EndProjectSection
EndProject
Project("{FAE04EC0-301F-11D3-BF4B-00C04F79EFBC}") = "ESignDemo.API", "ESignDemo.API\ESignDemo.API.csproj", "{78AD7EEF-008E-4F90-81F9-C6A6633EBB3B}"
EndProject
Global
	GlobalSection(SolutionConfigurationPlatforms) = preSolution
		Debug|Any CPU = Debug|Any CPU
		Release|Any CPU = Release|Any CPU
	EndGlobalSection
	GlobalSection(ProjectConfigurationPlatforms) = postSolution
		{982F8032-07A8-41ED-9A69-D80FCBC97BD2}.Debug|Any CPU.ActiveCfg = Debug|Any CPU
		{982F8032-07A8-41ED-9A69-D80FCBC97BD2}.Debug|Any CPU.Build.0 = Debug|Any CPU
		{982F8032-07A8-41ED-9A69-D80FCBC97BD2}.Release|Any CPU.ActiveCfg = Debug|Any CPU
		{982F8032-07A8-41ED-9A69-D80FCBC97BD2}.Release|Any CPU.Build.0 = Debug|Any CPU
		{78AD7EEF-008E-4F90-81F9-C6A6633EBB3B}.Debug|Any CPU.ActiveCfg = Debug|Any CPU
		{78AD7EEF-008E-4F90-81F9-C6A6633EBB3B}.Debug|Any CPU.Build.0 = Debug|Any CPU
		{78AD7EEF-008E-4F90-81F9-C6A6633EBB3B}.Release|Any CPU.ActiveCfg = Release|Any CPU
		{78AD7EEF-008E-4F90-81F9-C6A6633EBB3B}.Release|Any CPU.Build.0 = Release|Any CPU
	EndGlobalSection
	GlobalSection(SolutionProperties) = preSolution
		HideSolutionNode = FALSE
	EndGlobalSection
EndGlobal
